
Microsoft Visual Studio Solution File, Format Version 12.00
# Visual Studio 2012
Project("{FAE04EC0-301F-11D3-BF4B-00C04F79EFBC}") = "XLSQL", "XLSQL\XLSQL.csproj", "{36FCA43B-2DA5-4564-8A41-1E0A298E8E03}"
EndProject
Project("{FAE04EC0-301F-11D3-BF4B-00C04F79EFBC}") = "XLSQLDemo", "XLSQLDemo\XLSQLDemo.csproj", "{F2C47B4F-141A-4893-8C58-DA88D5F589A2}"
EndProject
Global
	GlobalSection(SolutionConfigurationPlatforms) = preSolution
		Debug|Any CPU = Debug|Any CPU
		Release|Any CPU = Release|Any CPU
	EndGlobalSection
	GlobalSection(ProjectConfigurationPlatforms) = postSolution
		{36FCA43B-2DA5-4564-8A41-1E0A298E8E03}.Debug|Any CPU.ActiveCfg = Debug|Any CPU
		{36FCA43B-2DA5-4564-8A41-1E0A298E8E03}.Debug|Any CPU.Build.0 = Debug|Any CPU
		{36FCA43B-2DA5-4564-8A41-1E0A298E8E03}.Release|Any CPU.ActiveCfg = Release|Any CPU
		{36FCA43B-2DA5-4564-8A41-1E0A298E8E03}.Release|Any CPU.Build.0 = Release|Any CPU
		{F2C47B4F-141A-4893-8C58-DA88D5F589A2}.Debug|Any CPU.ActiveCfg = Debug|Any CPU
		{F2C47B4F-141A-4893-8C58-DA88D5F589A2}.Debug|Any CPU.Build.0 = Debug|Any CPU
		{F2C47B4F-141A-4893-8C58-DA88D5F589A2}.Release|Any CPU.ActiveCfg = Release|Any CPU
		{F2C47B4F-141A-4893-8C58-DA88D5F589A2}.Release|Any CPU.Build.0 = Release|Any CPU
	EndGlobalSection
	GlobalSection(SolutionProperties) = preSolution
		HideSolutionNode = FALSE
	EndGlobalSection
EndGlobal
